
Microsoft Visual Studio Solution File, Format Version 12.00
# Visual Studio 15
VisualStudioVersion = 15.0.28307.1525
MinimumVisualStudioVersion = 10.0.40219.1
Project("{FAE04EC0-301F-11D3-BF4B-00C04F79EFBC}") = "ConsoleApp1", "ConsoleApp1\ConsoleApp1.csproj", "{EE0122B6-CAAF-4613-9008-04F6C3C67671}"
EndProject
Global
	GlobalSection(SolutionConfigurationPlatforms) = preSolution
		Debug|Any CPU = Debug|Any CPU
		Release|Any CPU = Release|Any CPU
	EndGlobalSection
	GlobalSection(ProjectConfigurationPlatforms) = postSolution
		{EE0122B6-CAAF-4613-9008-04F6C3C67671}.Debug|Any CPU.ActiveCfg = Debug|Any CPU
		{EE0122B6-CAAF-4613-9008-04F6C3C67671}.Debug|Any CPU.Build.0 = Debug|Any CPU
		{EE0122B6-CAAF-4613-9008-04F6C3C67671}.Release|Any CPU.ActiveCfg = Release|Any CPU
		{EE0122B6-CAAF-4613-9008-04F6C3C67671}.Release|Any CPU.Build.0 = Release|Any CPU
	EndGlobalSection
	GlobalSection(SolutionProperties) = preSolution
		HideSolutionNode = FALSE
	EndGlobalSection
	GlobalSection(ExtensibilityGlobals) = postSolution
		SolutionGuid = {6CE8AE12-92F8-4971-B4B5-DD2C39706633}
	EndGlobalSection
EndGlobal
